
Microsoft Visual Studio Solution File, Format Version 12.00
# Visual Studio 15
VisualStudioVersion = 15.0.27004.2008
MinimumVisualStudioVersion = 10.0.40219.1
Project("{151D2E53-A2C4-4D7D-83FE-D05416EBD58E}") = "DemoGIBC-LogicApp", "DemoGIBC-LogicApp\DemoGIBC-LogicApp.deployproj", "{15A6228E-F398-4E15-B875-5A22349504C3}"
EndProject
Global
	GlobalSection(SolutionConfigurationPlatforms) = preSolution
		Debug|Any CPU = Debug|Any CPU
		Release|Any CPU = Release|Any CPU
	EndGlobalSection
	GlobalSection(ProjectConfigurationPlatforms) = postSolution
		{15A6228E-F398-4E15-B875-5A22349504C3}.Debug|Any CPU.ActiveCfg = Debug|Any CPU
		{15A6228E-F398-4E15-B875-5A22349504C3}.Debug|Any CPU.Build.0 = Debug|Any CPU
		{15A6228E-F398-4E15-B875-5A22349504C3}.Release|Any CPU.ActiveCfg = Release|Any CPU
		{15A6228E-F398-4E15-B875-5A22349504C3}.Release|Any CPU.Build.0 = Release|Any CPU
	EndGlobalSection
	GlobalSection(SolutionProperties) = preSolution
		HideSolutionNode = FALSE
	EndGlobalSection
	GlobalSection(ExtensibilityGlobals) = postSolution
		SolutionGuid = {2DD265F6-BDD6-41B0-960D-A2ED5AC57558}
	EndGlobalSection
EndGlobal
