
Microsoft Visual Studio Solution File, Format Version 12.00
# Visual Studio 2012
Project("{FAE04EC0-301F-11D3-BF4B-00C04F79EFBC}") = "GIB2018API", "GIB2018API\GIB2018API.csproj", "{2F7529C3-8B30-4F6E-B6EC-C5A380EF19A5}"
EndProject
Global
	GlobalSection(SolutionConfigurationPlatforms) = preSolution
		Debug|Any CPU = Debug|Any CPU
		Release|Any CPU = Release|Any CPU
	EndGlobalSection
	GlobalSection(ProjectConfigurationPlatforms) = postSolution
		{2F7529C3-8B30-4F6E-B6EC-C5A380EF19A5}.Debug|Any CPU.ActiveCfg = Debug|Any CPU
		{2F7529C3-8B30-4F6E-B6EC-C5A380EF19A5}.Debug|Any CPU.Build.0 = Debug|Any CPU
		{2F7529C3-8B30-4F6E-B6EC-C5A380EF19A5}.Release|Any CPU.ActiveCfg = Release|Any CPU
		{2F7529C3-8B30-4F6E-B6EC-C5A380EF19A5}.Release|Any CPU.Build.0 = Release|Any CPU
	EndGlobalSection
EndGlobal
